
Microsoft Visual Studio Solution File, Format Version 12.00
# Visual Studio Version 17
VisualStudioVersion = 17.6.33723.286
MinimumVisualStudioVersion = 10.0.40219.1
Project("{2150E333-8FDC-42A3-9474-1A3956D46DE8}") = "01 - Presentation", "01 - Presentation", "{90A88AA8-D67C-4350-BB2A-8623A0F566DE}"
EndProject
Project("{9A19103F-16F7-4668-BE54-9A1E7A4F7556}") = "TccPasdApi", "src\01 - Presentation\TccPasdApi.csproj", "{1EC956A6-E667-41AB-8945-92ED1FFBA87A}"
EndProject
Global
	GlobalSection(SolutionConfigurationPlatforms) = preSolution
		Debug|Any CPU = Debug|Any CPU
		Release|Any CPU = Release|Any CPU
	EndGlobalSection
	GlobalSection(ProjectConfigurationPlatforms) = postSolution
		{1EC956A6-E667-41AB-8945-92ED1FFBA87A}.Debug|Any CPU.ActiveCfg = Debug|Any CPU
		{1EC956A6-E667-41AB-8945-92ED1FFBA87A}.Debug|Any CPU.Build.0 = Debug|Any CPU
		{1EC956A6-E667-41AB-8945-92ED1FFBA87A}.Release|Any CPU.ActiveCfg = Release|Any CPU
		{1EC956A6-E667-41AB-8945-92ED1FFBA87A}.Release|Any CPU.Build.0 = Release|Any CPU
	EndGlobalSection
	GlobalSection(SolutionProperties) = preSolution
		HideSolutionNode = FALSE
	EndGlobalSection
	GlobalSection(NestedProjects) = preSolution
		{1EC956A6-E667-41AB-8945-92ED1FFBA87A} = {90A88AA8-D67C-4350-BB2A-8623A0F566DE}
	EndGlobalSection
	GlobalSection(ExtensibilityGlobals) = postSolution
		SolutionGuid = {6681B091-25A4-4BA2-971E-DA77655FD881}
	EndGlobalSection
EndGlobal
